<?xml version="1.0" encoding="utf-8"?>
<Project ToolsVersion="4.0" xmlns="http://schemas.microsoft.com/developer/msbuild/2003">
  <ItemGroup>
    <Filter Include="ImGui">
      <UniqueIdentifier>{917f46dc-1830-4bef-86f2-92146f795b0a}</UniqueIdentifier>
    </Filter>
    <Filter Include="Editor">
      <UniqueIdentifier>{0a3006ef-56cc-4b61-b811-f41836ad94de}</UniqueIdentifier>
    </Filter>
    <Filter Include="External">
      <UniqueIdentifier>{a82fb34f-37e9-4de5-a432-0641a6b2c1ba}</UniqueIdentifier>
    </Filter>
    <Filter Include="Support">
      <UniqueIdentifier>{37b3206d-4f96-4a8f-b0f2-07c0f11b584a}</UniqueIdentifier>
    </Filter>
    <Filter Include="Application">
      <UniqueIdentifier>{914bf31c-90fd-448c-9600-334a952bf058}</UniqueIdentifier>
    </Filter>
  </ItemGroup>
  <ItemGroup>
    <ClCompile Include="ImGui\imgui.cpp">
      <Filter>ImGui</Filter>
    </ClCompile>
    <ClCompile Include="ImGui\imgui_demo.cpp">
      <Filter>ImGui</Filter>
    </ClCompile>
    <ClCompile Include="ImGui\imgui_draw.cpp">
      <Filter>ImGui</Filter>
    </ClCompile>
    <ClCompile Include="..\External\DXSDK\src\dxerr.cpp">
      <Filter>External</Filter>
    </ClCompile>
    <ClCompile Include="Editor\Editor.cpp">
      <Filter>Editor</Filter>
    </ClCompile>
    <ClCompile Include="Editor\EditorApi.cpp">
      <Filter>Editor</Filter>
    </ClCompile>
    <ClCompile Include="Application\imgui_impl_dx11.cpp">
      <Filter>Application</Filter>
    </ClCompile>
    <ClCompile Include="Application\main.cpp">
      <Filter>Application</Filter>
    </ClCompile>
    <ClCompile Include="Application\application.cpp">
      <Filter>Application</Filter>
    </ClCompile>
    <ClCompile Include="Editor\Builders.cpp">
      <Filter>Editor</Filter>
    </ClCompile>
    <ClCompile Include="Application\widgets.cpp">
      <Filter>Application</Filter>
    </ClCompile>
    <ClCompile Include="Application\drawing.cpp">
      <Filter>Application</Filter>
    </ClCompile>
  </ItemGroup>
  <ItemGroup>
    <ClInclude Include="ImGui\imconfig.h">
      <Filter>ImGui</Filter>
    </ClInclude>
    <ClInclude Include="ImGui\imgui.h">
      <Filter>ImGui</Filter>
    </ClInclude>
    <ClInclude Include="ImGui\imgui_internal.h">
      <Filter>ImGui</Filter>
    </ClInclude>
    <ClInclude Include="ImGui\stb_rect_pack.h">
      <Filter>ImGui</Filter>
    </ClInclude>
    <ClInclude Include="ImGui\stb_textedit.h">
      <Filter>ImGui</Filter>
    </ClInclude>
    <ClInclude Include="ImGui\stb_truetype.h">
      <Filter>ImGui</Filter>
    </ClInclude>
    <ClInclude Include="Support\stb_image.h">
      <Filter>Support</Filter>
    </ClInclude>
    <ClInclude Include="Editor\Types.h">
      <Filter>Editor</Filter>
    </ClInclude>
    <ClInclude Include="Editor\EditorApi.h">
      <Filter>Editor</Filter>
    </ClInclude>
    <ClInclude Include="Editor\Editor.h">
      <Filter>Editor</Filter>
    </ClInclude>
    <ClInclude Include="Editor\ImGuiInterop.h">
      <Filter>Editor</Filter>
    </ClInclude>
    <ClInclude Include="Support\scope_guard.h">
      <Filter>Support</Filter>
    </ClInclude>
    <ClInclude Include="Application\imgui_impl_dx11.h">
      <Filter>Application</Filter>
    </ClInclude>
    <ClInclude Include="Application\application.h">
      <Filter>Application</Filter>
    </ClInclude>
    <ClInclude Include="Editor\Builders.h">
      <Filter>Editor</Filter>
    </ClInclude>
    <ClInclude Include="Application\widgets.h">
      <Filter>Application</Filter>
    </ClInclude>
    <ClInclude Include="Application\drawing.h">
      <Filter>Application</Filter>
    </ClInclude>
  </ItemGroup>
  <ItemGroup>
    <None Include="Configuration.props" />
    <None Include="Editor\Types.inl">
      <Filter>Editor</Filter>
    </None>
  </ItemGroup>
  <ItemGroup>
    <Natvis Include="ImGui.natvis" />
  </ItemGroup>
</Project>